
Microsoft Visual Studio Solution File, Format Version 12.00
# Visual Studio Version 16
VisualStudioVersion = 16.0.30717.126
MinimumVisualStudioVersion = 10.0.40219.1
Project("{FAE04EC0-301F-11D3-BF4B-00C04F79EFBC}") = "WebApp", "WebApp\WebApp.csproj", "{3AF39D8B-B007-4ECE-A79B-2D72EBCD3052}"
EndProject
Global
	GlobalSection(SolutionConfigurationPlatforms) = preSolution
		Debug|Any CPU = Debug|Any CPU
		Release|Any CPU = Release|Any CPU
	EndGlobalSection
	GlobalSection(ProjectConfigurationPlatforms) = postSolution
		{3AF39D8B-B007-4ECE-A79B-2D72EBCD3052}.Debug|Any CPU.ActiveCfg = Debug|Any CPU
		{3AF39D8B-B007-4ECE-A79B-2D72EBCD3052}.Debug|Any CPU.Build.0 = Debug|Any CPU
		{3AF39D8B-B007-4ECE-A79B-2D72EBCD3052}.Release|Any CPU.ActiveCfg = Release|Any CPU
		{3AF39D8B-B007-4ECE-A79B-2D72EBCD3052}.Release|Any CPU.Build.0 = Release|Any CPU
	EndGlobalSection
	GlobalSection(SolutionProperties) = preSolution
		HideSolutionNode = FALSE
	EndGlobalSection
	GlobalSection(ExtensibilityGlobals) = postSolution
		SolutionGuid = {BCCDF9F5-1B16-4B32-90C6-7D74B9A80B61}
	EndGlobalSection
EndGlobal
